// !$*UTF8*$!
{
	archiveVersion = 1;
	classes = {
	};
	objectVersion = 50;
	objects = {

/* Begin PBXBuildFile section */
		A74FFB1825F777810015B4EE /* AppDelegate.swift in Sources */ = {isa = PBXBuildFile; fileRef = A74FFB1725F777810015B4EE /* AppDelegate.swift */; };
		A74FFB1A25F777810015B4EE /* SceneDelegate.swift in Sources */ = {isa = PBXBuildFile; fileRef = A74FFB1925F777810015B4EE /* SceneDelegate.swift */; };
		A74FFB1C25F777810015B4EE /* FirstViewController.swift in Sources */ = {isa = PBXBuildFile; fileRef = A74FFB1B25F777810015B4EE /* FirstViewController.swift */; };
		A74FFB1E25F777810015B4EE /* SecondViewController.swift in Sources */ = {isa = PBXBuildFile; fileRef = A74FFB1D25F777810015B4EE /* SecondViewController.swift */; };
		A74FFB2125F777810015B4EE /* Main.storyboard in Resources */ = {isa = PBXBuildFile; fileRef = A74FFB1F25F777810015B4EE /* Main.storyboard */; };
		A74FFB2325F777850015B4EE /* Assets.xcassets in Resources */ = {isa = PBXBuildFile; fileRef = A74FFB2225F777850015B4EE /* Assets.xcassets */; };
		A74FFB2625F777850015B4EE /* LaunchScreen.storyboard in Resources */ = {isa = PBXBuildFile; fileRef = A74FFB2425F777850015B4EE /* LaunchScreen.storyboard */; };
		A74FFB3125F777850015B4EE /* DuTestTests.swift in Sources */ = {isa = PBXBuildFile; fileRef = A74FFB3025F777850015B4EE /* DuTestTests.swift */; };
		A74FFB3C25F777850015B4EE /* DuTestUITests.swift in Sources */ = {isa = PBXBuildFile; fileRef = A74FFB3B25F777850015B4EE /* DuTestUITests.swift */; };
/* End PBXBuildFile section */

/* Begin PBXContainerItemProxy section */
		A74FFB2D25F777850015B4EE /* PBXContainerItemProxy */ = {
			isa = PBXContainerItemProxy;
			containerPortal = A74FFB0C25F777810015B4EE /* Project object */;
			proxyType = 1;
			remoteGlobalIDString = A74FFB1325F777810015B4EE;
			remoteInfo = DuTest;
		};
		A74FFB3825F777850015B4EE /* PBXContainerItemProxy */ = {
			isa = PBXContainerItemProxy;
			containerPortal = A74FFB0C25F777810015B4EE /* Project object */;
			proxyType = 1;
			remoteGlobalIDString = A74FFB1325F777810015B4EE;
			remoteInfo = DuTest;
		};
/* End PBXContainerItemProxy section */

/* Begin PBXFileReference section */
		A74FFB1425F777810015B4EE /* DuTest.app */ = {isa = PBXFileReference; explicitFileType = wrapper.application; includeInIndex = 0; path = DuTest.app; sourceTree = BUILT_PRODUCTS_DIR; };
		A74FFB1725F777810015B4EE /* AppDelegate.swift */ = {isa = PBXFileReference; lastKnownFileType = sourcecode.swift; path = AppDelegate.swift; sourceTree = "<group>"; };
		A74FFB1925F777810015B4EE /* SceneDelegate.swift */ = {isa = PBXFileReference; lastKnownFileType = sourcecode.swift; path = SceneDelegate.swift; sourceTree = "<group>"; };
		A74FFB1B25F777810015B4EE /* FirstViewController.swift */ = {isa = PBXFileReference; lastKnownFileType = sourcecode.swift; path = FirstViewController.swift; sourceTree = "<group>"; };
		A74FFB1D25F777810015B4EE /* SecondViewController.swift */ = {isa = PBXFileReference; lastKnownFileType = sourcecode.swift; path = SecondViewController.swift; sourceTree = "<group>"; };
		A74FFB2025F777810015B4EE /* Base */ = {isa = PBXFileReference; lastKnownFileType = file.storyboard; name = Base; path = Base.lproj/Main.storyboard; sourceTree = "<group>"; };
		A74FFB2225F777850015B4EE /* Assets.xcassets */ = {isa = PBXFileReference; lastKnownFileType = folder.assetcatalog; path = Assets.xcassets; sourceTree = "<group>"; };
		A74FFB2525F777850015B4EE /* Base */ = {isa = PBXFileReference; lastKnownFileType = file.storyboard; name = Base; path = Base.lproj/LaunchScreen.storyboard; sourceTree = "<group>"; };
		A74FFB2725F777850015B4EE /* Info.plist */ = {isa = PBXFileReference; lastKnownFileType = text.plist.xml; path = Info.plist; sourceTree = "<group>"; };
		A74FFB2C25F777850015B4EE /* DuTestTests.xctest */ = {isa = PBXFileReference; explicitFileType = wrapper.cfbundle; includeInIndex = 0; path = DuTestTests.xctest; sourceTree = BUILT_PRODUCTS_DIR; };
		A74FFB3025F777850015B4EE /* DuTestTests.swift */ = {isa = PBXFileReference; lastKnownFileType = sourcecode.swift; path = DuTestTests.swift; sourceTree = "<group>"; };
		A74FFB3225F777850015B4EE /* Info.plist */ = {isa = PBXFileReference; lastKnownFileType = text.plist.xml; path = Info.plist; sourceTree = "<group>"; };
		A74FFB3725F777850015B4EE /* DuTestUITests.xctest */ = {isa = PBXFileReference; explicitFileType = wrapper.cfbundle; includeInIndex = 0; path = DuTestUITests.xctest; sourceTree = BUILT_PRODUCTS_DIR; };
		A74FFB3B25F777850015B4EE /* DuTestUITests.swift */ = {isa = PBXFileReference; lastKnownFileType = sourcecode.swift; path = DuTestUITests.swift; sourceTree = "<group>"; };
		A74FFB3D25F777850015B4EE /* Info.plist */ = {isa = PBXFileReference; lastKnownFileType = text.plist.xml; path = Info.plist; sourceTree = "<group>"; };
/* End PBXFileReference section */

/* Begin PBXFrameworksBuildPhase section */
		A74FFB1125F777810015B4EE /* Frameworks */ = {
			isa = PBXFrameworksBuildPhase;
			buildActionMask = 2147483647;
			files = (
			);
			runOnlyForDeploymentPostprocessing = 0;
		};
		A74FFB2925F777850015B4EE /* Frameworks */ = {
			isa = PBXFrameworksBuildPhase;
			buildActionMask = 2147483647;
			files = (
			);
			runOnlyForDeploymentPostprocessing = 0;
		};
		A74FFB3425F777850015B4EE /* Frameworks */ = {
			isa = PBXFrameworksBuildPhase;
			buildActionMask = 2147483647;
			files = (
			);
			runOnlyForDeploymentPostprocessing = 0;
		};
/* End PBXFrameworksBuildPhase section */

/* Begin PBXGroup section */
		A74FFB0B25F777810015B4EE = {
			isa = PBXGroup;
			children = (
				A74FFB1625F777810015B4EE /* DuTest */,
				A74FFB2F25F777850015B4EE /* DuTestTests */,
				A74FFB3A25F777850015B4EE /* DuTestUITests */,
				A74FFB1525F777810015B4EE /* Products */,
			);
			sourceTree = "<group>";
		};
		A74FFB1525F777810015B4EE /* Products */ = {
			isa = PBXGroup;
			children = (
				A74FFB1425F777810015B4EE /* DuTest.app */,
				A74FFB2C25F777850015B4EE /* DuTestTests.xctest */,
				A74FFB3725F777850015B4EE /* DuTestUITests.xctest */,
			);
			name = Products;
			sourceTree = "<group>";
		};
		A74FFB1625F777810015B4EE /* DuTest */ = {
			isa = PBXGroup;
			children = (
				A74FFB1725F777810015B4EE /* AppDelegate.swift */,
				A74FFB1925F777810015B4EE /* SceneDelegate.swift */,
				A74FFB1B25F777810015B4EE /* FirstViewController.swift */,
				A74FFB1D25F777810015B4EE /* SecondViewController.swift */,
				A74FFB1F25F777810015B4EE /* Main.storyboard */,
				A74FFB2225F777850015B4EE /* Assets.xcassets */,
				A74FFB2425F777850015B4EE /* LaunchScreen.storyboard */,
				A74FFB2725F777850015B4EE /* Info.plist */,
			);
			path = DuTest;
			sourceTree = "<group>";
		};
		A74FFB2F25F777850015B4EE /* DuTestTests */ = {
			isa = PBXGroup;
			children = (
				A74FFB3025F777850015B4EE /* DuTestTests.swift */,
				A74FFB3225F777850015B4EE /* Info.plist */,
			);
			path = DuTestTests;
			sourceTree = "<group>";
		};
		A74FFB3A25F777850015B4EE /* DuTestUITests */ = {
			isa = PBXGroup;
			children = (
				A74FFB3B25F777850015B4EE /* DuTestUITests.swift */,
				A74FFB3D25F777850015B4EE /* Info.plist */,
			);
			path = DuTestUITests;
			sourceTree = "<group>";
		};
/* End PBXGroup section */

/* Begin PBXNativeTarget section */
		A74FFB1325F777810015B4EE /* DuTest */ = {
			isa = PBXNativeTarget;
			buildConfigurationList = A74FFB4025F777850015B4EE /* Build configuration list for PBXNativeTarget "DuTest" */;
			buildPhases = (
				A74FFB1025F777810015B4EE /* Sources */,
				A74FFB1125F777810015B4EE /* Frameworks */,
				A74FFB1225F777810015B4EE /* Resources */,
			);
			buildRules = (
			);
			dependencies = (
			);
			name = DuTest;
			productName = DuTest;
			productReference = A74FFB1425F777810015B4EE /* DuTest.app */;
			productType = "com.apple.product-type.application";
		};
		A74FFB2B25F777850015B4EE /* DuTestTests */ = {
			isa = PBXNativeTarget;
			buildConfigurationList = A74FFB4325F777850015B4EE /* Build configuration list for PBXNativeTarget "DuTestTests" */;
			buildPhases = (
				A74FFB2825F777850015B4EE /* Sources */,
				A74FFB2925F777850015B4EE /* Frameworks */,
				A74FFB2A25F777850015B4EE /* Resources */,
			);
			buildRules = (
			);
			dependencies = (
				A74FFB2E25F777850015B4EE /* PBXTargetDependency */,
			);
			name = DuTestTests;
			productName = DuTestTests;
			productReference = A74FFB2C25F777850015B4EE /* DuTestTests.xctest */;
			productType = "com.apple.product-type.bundle.unit-test";
		};
		A74FFB3625F777850015B4EE /* DuTestUITests */ = {
			isa = PBXNativeTarget;
			buildConfigurationList = A74FFB4625F777850015B4EE /* Build configuration list for PBXNativeTarget "DuTestUITests" */;
			buildPhases = (
				A74FFB3325F777850015B4EE /* Sources */,
				A74FFB3425F777850015B4EE /* Frameworks */,
				A74FFB3525F777850015B4EE /* Resources */,
			);
			buildRules = (
			);
			dependencies = (
				A74FFB3925F777850015B4EE /* PBXTargetDependency */,
			);
			name = DuTestUITests;
			productName = DuTestUITests;
			productReference = A74FFB3725F777850015B4EE /* DuTestUITests.xctest */;
			productType = "com.apple.product-type.bundle.ui-testing";
		};
/* End PBXNativeTarget section */

/* Begin PBXProject section */
		A74FFB0C25F777810015B4EE /* Project object */ = {
			isa = PBXProject;
			attributes = {
				LastSwiftUpdateCheck = 1130;
				LastUpgradeCheck = 1130;
				ORGANIZATIONNAME = Shahid;
				TargetAttributes = {
					A74FFB1325F777810015B4EE = {
						CreatedOnToolsVersion = 11.3.1;
					};
					A74FFB2B25F777850015B4EE = {
						CreatedOnToolsVersion = 11.3.1;
						TestTargetID = A74FFB1325F777810015B4EE;
					};
					A74FFB3625F777850015B4EE = {
						CreatedOnToolsVersion = 11.3.1;
						TestTargetID = A74FFB1325F777810015B4EE;
					};
				};
			};
			buildConfigurationList = A74FFB0F25F777810015B4EE /* Build configuration list for PBXProject "DuTest" */;
			compatibilityVersion = "Xcode 9.3";
			developmentRegion = en;
			hasScannedForEncodings = 0;
			knownRegions = (
				en,
				Base,
			);
			mainGroup = A74FFB0B25F777810015B4EE;
			productRefGroup = A74FFB1525F777810015B4EE /* Products */;
			projectDirPath = "";
			projectRoot = "";
			targets = (
				A74FFB1325F777810015B4EE /* DuTest */,
				A74FFB2B25F777850015B4EE /* DuTestTests */,
				A74FFB3625F777850015B4EE /* DuTestUITests */,
			);
		};
/* End PBXProject section */

/* Begin PBXResourcesBuildPhase section */
		A74FFB1225F777810015B4EE /* Resources */ = {
			isa = PBXResourcesBuildPhase;
			buildActionMask = 2147483647;
			files = (
				A74FFB2625F777850015B4EE /* LaunchScreen.storyboard in Resources */,
				A74FFB2325F777850015B4EE /* Assets.xcassets in Resources */,
				A74FFB2125F777810015B4EE /* Main.storyboard in Resources */,
			);
			runOnlyForDeploymentPostprocessing = 0;
		};
		A74FFB2A25F777850015B4EE /* Resources */ = {
			isa = PBXResourcesBuildPhase;
			buildActionMask = 2147483647;
			files = (
			);
			runOnlyForDeploymentPostprocessing = 0;
		};
		A74FFB3525F777850015B4EE /* Resources */ = {
			isa = PBXResourcesBuildPhase;
			buildActionMask = 2147483647;
			files = (
			);
			runOnlyForDeploymentPostprocessing = 0;
		};
/* End PBXResourcesBuildPhase section */

/* Begin PBXSourcesBuildPhase section */
		A74FFB1025F777810015B4EE /* Sources */ = {
			isa = PBXSourcesBuildPhase;
			buildActionMask = 2147483647;
			files = (
				A74FFB1E25F777810015B4EE /* SecondViewController.swift in Sources */,
				A74FFB1C25F777810015B4EE /* FirstViewController.swift in Sources */,
				A74FFB1825F777810015B4EE /* AppDelegate.swift in Sources */,
				A74FFB1A25F777810015B4EE /* SceneDelegate.swift in Sources */,
			);
			runOnlyForDeploymentPostprocessing = 0;
		};
		A74FFB2825F777850015B4EE /* Sources */ = {
			isa = PBXSourcesBuildPhase;
			buildActionMask = 2147483647;
			files = (
				A74FFB3125F777850015B4EE /* DuTestTests.swift in Sources */,
			);
			runOnlyForDeploymentPostprocessing = 0;
		};
		A74FFB3325F777850015B4EE /* Sources */ = {
			isa = PBXSourcesBuildPhase;
			buildActionMask = 2147483647;
			files = (
				A74FFB3C25F777850015B4EE /* DuTestUITests.swift in Sources */,
			);
			runOnlyForDeploymentPostprocessing = 0;
		};
/* End PBXSourcesBuildPhase section */

/* Begin PBXTargetDependency section */
		A74FFB2E25F777850015B4EE /* PBXTargetDependency */ = {
			isa = PBXTargetDependency;
			target = A74FFB1325F777810015B4EE /* DuTest */;
			targetProxy = A74FFB2D25F777850015B4EE /* PBXContainerItemProxy */;
		};
		A74FFB3925F777850015B4EE /* PBXTargetDependency */ = {
			isa = PBXTargetDependency;
			target = A74FFB1325F777810015B4EE /* DuTest */;
			targetProxy = A74FFB3825F777850015B4EE /* PBXContainerItemProxy */;
		};
/* End PBXTargetDependency section */

/* Begin PBXVariantGroup section */
		A74FFB1F25F777810015B4EE /* Main.storyboard */ = {
			isa = PBXVariantGroup;
			children = (
				A74FFB2025F777810015B4EE /* Base */,
			);
			name = Main.storyboard;
			sourceTree = "<group>";
		};
		A74FFB2425F777850015B4EE /* LaunchScreen.storyboard */ = {
			isa = PBXVariantGroup;
			children = (
				A74FFB2525F777850015B4EE /* Base */,
			);
			name = LaunchScreen.storyboard;
			sourceTree = "<group>";
		};
/* End PBXVariantGroup section */

/* Begin XCBuildConfiguration section */
		A74FFB3E25F777850015B4EE /* Debug */ = {
			isa = XCBuildConfiguration;
			buildSettings = {
				ALWAYS_SEARCH_USER_PATHS = NO;
				CLANG_ANALYZER_NONNULL = YES;
				CLANG_ANALYZER_NUMBER_OBJECT_CONVERSION = YES_AGGRESSIVE;
				CLANG_CXX_LANGUAGE_STANDARD = "gnu++14";
				CLANG_CXX_LIBRARY = "libc++";
				CLANG_ENABLE_MODULES = YES;
				CLANG_ENABLE_OBJC_ARC = YES;
				CLANG_ENABLE_OBJC_WEAK = YES;
				CLANG_WARN_BLOCK_CAPTURE_AUTORELEASING = YES;
				CLANG_WARN_BOOL_CONVERSION = YES;
				CLANG_WARN_COMMA = YES;
				CLANG_WARN_CONSTANT_CONVERSION = YES;
				CLANG_WARN_DEPRECATED_OBJC_IMPLEMENTATIONS = YES;
				CLANG_WARN_DIRECT_OBJC_ISA_USAGE = YES_ERROR;
				CLANG_WARN_DOCUMENTATION_COMMENTS = YES;
				CLANG_WARN_EMPTY_BODY = YES;
				CLANG_WARN_ENUM_CONVERSION = YES;
				CLANG_WARN_INFINITE_RECURSION = YES;
				CLANG_WARN_INT_CONVERSION = YES;
				CLANG_WARN_NON_LITERAL_NULL_CONVERSION = YES;
				CLANG_WARN_OBJC_IMPLICIT_RETAIN_SELF = YES;
				CLANG_WARN_OBJC_LITERAL_CONVERSION = YES;
				CLANG_WARN_OBJC_ROOT_CLASS = YES_ERROR;
				CLANG_WARN_RANGE_LOOP_ANALYSIS = YES;
				CLANG_WARN_STRICT_PROTOTYPES = YES;
				CLANG_WARN_SUSPICIOUS_MOVE = YES;
				CLANG_WARN_UNGUARDED_AVAILABILITY = YES_AGGRESSIVE;
				CLANG_WARN_UNREACHABLE_CODE = YES;
				CLANG_WARN__DUPLICATE_METHOD_MATCH = YES;
				COPY_PHASE_STRIP = NO;
				DEBUG_INFORMATION_FORMAT = dwarf;
				ENABLE_STRICT_OBJC_MSGSEND = YES;
				ENABLE_TESTABILITY = YES;
				GCC_C_LANGUAGE_STANDARD = gnu11;
				GCC_DYNAMIC_NO_PIC = NO;
				GCC_NO_COMMON_BLOCKS = YES;
				GCC_OPTIMIZATION_LEVEL = 0;
				GCC_PREPROCESSOR_DEFINITIONS = (
					"DEBUG=1",
					"$(inherited)",
				);
				GCC_WARN_64_TO_32_BIT_CONVERSION = YES;
				GCC_WARN_ABOUT_RETURN_TYPE = YES_ERROR;
				GCC_WARN_UNDECLARED_SELECTOR = YES;
				GCC_WARN_UNINITIALIZED_AUTOS = YES_AGGRESSIVE;
				GCC_WARN_UNUSED_FUNCTION = YES;
				GCC_WARN_UNUSED_VARIABLE = YES;
				IPHONEOS_DEPLOYMENT_TARGET = 13.2;
				MTL_ENABLE_DEBUG_INFO = INCLUDE_SOURCE;
				MTL_FAST_MATH = YES;
				ONLY_ACTIVE_ARCH = YES;
				SDKROOT = iphoneos;
				SWIFT_ACTIVE_COMPILATION_CONDITIONS = DEBUG;
				SWIFT_OPTIMIZATION_LEVEL = "-Onone";
			};
			name = Debug;
		};
		A74FFB3F25F777850015B4EE /* Release */ = {
			isa = XCBuildConfiguration;
			buildSettings = {
				ALWAYS_SEARCH_USER_PATHS = NO;
				CLANG_ANALYZER_NONNULL = YES;
				CLANG_ANALYZER_NUMBER_OBJECT_CONVERSION = YES_AGGRESSIVE;
				CLANG_CXX_LANGUAGE_STANDARD = "gnu++14";
				CLANG_CXX_LIBRARY = "libc++";
				CLANG_ENABLE_MODULES = YES;
				CLANG_ENABLE_OBJC_ARC = YES;
				CLANG_ENABLE_OBJC_WEAK = YES;
				CLANG_WARN_BLOCK_CAPTURE_AUTORELEASING = YES;
				CLANG_WARN_BOOL_CONVERSION = YES;
				CLANG_WARN_COMMA = YES;
				CLANG_WARN_CONSTANT_CONVERSION = YES;
				CLANG_WARN_DEPRECATED_OBJC_IMPLEMENTATIONS = YES;
				CLANG_WARN_DIRECT_OBJC_ISA_USAGE = YES_ERROR;
				CLANG_WARN_DOCUMENTATION_COMMENTS = YES;
				CLANG_WARN_EMPTY_BODY = YES;
				CLANG_WARN_ENUM_CONVERSION = YES;
				CLANG_WARN_INFINITE_RECURSION = YES;
				CLANG_WARN_INT_CONVERSION = YES;
				CLANG_WARN_NON_LITERAL_NULL_CONVERSION = YES;
				CLANG_WARN_OBJC_IMPLICIT_RETAIN_SELF = YES;
				CLANG_WARN_OBJC_LITERAL_CONVERSION = YES;
				CLANG_WARN_OBJC_ROOT_CLASS = YES_ERROR;
				CLANG_WARN_RANGE_LOOP_ANALYSIS = YES;
				CLANG_WARN_STRICT_PROTOTYPES = YES;
				CLANG_WARN_SUSPICIOUS_MOVE = YES;
				CLANG_WARN_UNGUARDED_AVAILABILITY = YES_AGGRESSIVE;
				CLANG_WARN_UNREACHABLE_CODE = YES;
				CLANG_WARN__DUPLICATE_METHOD_MATCH = YES;
				COPY_PHASE_STRIP = NO;
				DEBUG_INFORMATION_FORMAT = "dwarf-with-dsym";
				ENABLE_NS_ASSERTIONS = NO;
				ENABLE_STRICT_OBJC_MSGSEND = YES;
				GCC_C_LANGUAGE_STANDARD = gnu11;
				GCC_NO_COMMON_BLOCKS = YES;
				GCC_WARN_64_TO_32_BIT_CONVERSION = YES;
				GCC_WARN_ABOUT_RETURN_TYPE = YES_ERROR;
				GCC_WARN_UNDECLARED_SELECTOR = YES;
				GCC_WARN_UNINITIALIZED_AUTOS = YES_AGGRESSIVE;
				GCC_WARN_UNUSED_FUNCTION = YES;
				GCC_WARN_UNUSED_VARIABLE = YES;
				IPHONEOS_DEPLOYMENT_TARGET = 13.2;
				MTL_ENABLE_DEBUG_INFO = NO;
				MTL_FAST_MATH = YES;
				SDKROOT = iphoneos;
				SWIFT_COMPILATION_MODE = wholemodule;
				SWIFT_OPTIMIZATION_LEVEL = "-O";
				VALIDATE_PRODUCT = YES;
			};
			name = Release;
		};
		A74FFB4125F777850015B4EE /* Debug */ = {
			isa = XCBuildConfiguration;
			buildSettings = {
				ASSETCATALOG_COMPILER_APPICON_NAME = AppIcon;
				CODE_SIGN_STYLE = Automatic;
				INFOPLIST_FILE = DuTest/Info.plist;
				LD_RUNPATH_SEARCH_PATHS = (
					"$(inherited)",
					"@executable_path/Frameworks",
				);
				PRODUCT_BUNDLE_IDENTIFIER = com.shahid.DuTest;
				PRODUCT_NAME = "$(TARGET_NAME)";
				SWIFT_VERSION = 5.0;
				TARGETED_DEVICE_FAMILY = "1,2";
			};
			name = Debug;
		};
		A74FFB4225F777850015B4EE /* Release */ = {
			isa = XCBuildConfiguration;
			buildSettings = {
				ASSETCATALOG_COMPILER_APPICON_NAME = AppIcon;
				CODE_SIGN_STYLE = Automatic;
				INFOPLIST_FILE = DuTest/Info.plist;
				LD_RUNPATH_SEARCH_PATHS = (
					"$(inherited)",
					"@executable_path/Frameworks",
				);
				PRODUCT_BUNDLE_IDENTIFIER = com.shahid.DuTest;
				PRODUCT_NAME = "$(TARGET_NAME)";
				SWIFT_VERSION = 5.0;
				TARGETED_DEVICE_FAMILY = "1,2";
			};
			name = Release;
		};
		A74FFB4425F777850015B4EE /* Debug */ = {
			isa = XCBuildConfiguration;
			buildSettings = {
				ALWAYS_EMBED_SWIFT_STANDARD_LIBRARIES = YES;
				BUNDLE_LOADER = "$(TEST_HOST)";
				CODE_SIGN_STYLE = Automatic;
				INFOPLIST_FILE = DuTestTests/Info.plist;
				IPHONEOS_DEPLOYMENT_TARGET = 13.2;
				LD_RUNPATH_SEARCH_PATHS = (
					"$(inherited)",
					"@executable_path/Frameworks",
					"@loader_path/Frameworks",
				);
				PRODUCT_BUNDLE_IDENTIFIER = com.shahid.DuTestTests;
				PRODUCT_NAME = "$(TARGET_NAME)";
				SWIFT_VERSION = 5.0;
				TARGETED_DEVICE_FAMILY = "1,2";
				TEST_HOST = "$(BUILT_PRODUCTS_DIR)/DuTest.app/DuTest";
			};
			name = Debug;
		};
		A74FFB4525F777850015B4EE /* Release */ = {
			isa = XCBuildConfiguration;
			buildSettings = {
				ALWAYS_EMBED_SWIFT_STANDARD_LIBRARIES = YES;
				BUNDLE_LOADER = "$(TEST_HOST)";
				CODE_SIGN_STYLE = Automatic;
				INFOPLIST_FILE = DuTestTests/Info.plist;
				IPHONEOS_DEPLOYMENT_TARGET = 13.2;
				LD_RUNPATH_SEARCH_PATHS = (
					"$(inherited)",
					"@executable_path/Frameworks",
					"@loader_path/Frameworks",
				);
				PRODUCT_BUNDLE_IDENTIFIER = com.shahid.DuTestTests;
				PRODUCT_NAME = "$(TARGET_NAME)";
				SWIFT_VERSION = 5.0;
				TARGETED_DEVICE_FAMILY = "1,2";
				TEST_HOST = "$(BUILT_PRODUCTS_DIR)/DuTest.app/DuTest";
			};
			name = Release;
		};
		A74FFB4725F777850015B4EE /* Debug */ = {
			isa = XCBuildConfiguration;
			buildSettings = {
				ALWAYS_EMBED_SWIFT_STANDARD_LIBRARIES = YES;
				CODE_SIGN_STYLE = Automatic;
				INFOPLIST_FILE = DuTestUITests/Info.plist;
				LD_RUNPATH_SEARCH_PATHS = (
					"$(inherited)",
					"@executable_path/Frameworks",
					"@loader_path/Frameworks",
				);
				PRODUCT_BUNDLE_IDENTIFIER = com.shahid.DuTestUITests;
				PRODUCT_NAME = "$(TARGET_NAME)";
				SWIFT_VERSION = 5.0;
				TARGETED_DEVICE_FAMILY = "1,2";
				TEST_TARGET_NAME = DuTest;
			};
			name = Debug;
		};
		A74FFB4825F777850015B4EE /* Release */ = {
			isa = XCBuildConfiguration;
			buildSettings = {
				ALWAYS_EMBED_SWIFT_STANDARD_LIBRARIES = YES;
				CODE_SIGN_STYLE = Automatic;
				INFOPLIST_FILE = DuTestUITests/Info.plist;
				LD_RUNPATH_SEARCH_PATHS = (
					"$(inherited)",
					"@executable_path/Frameworks",
					"@loader_path/Frameworks",
				);
				PRODUCT_BUNDLE_IDENTIFIER = com.shahid.DuTestUITests;
				PRODUCT_NAME = "$(TARGET_NAME)";
				SWIFT_VERSION = 5.0;
				TARGETED_DEVICE_FAMILY = "1,2";
				TEST_TARGET_NAME = DuTest;
			};
			name = Release;
		};
/* End XCBuildConfiguration section */

/* Begin XCConfigurationList section */
		A74FFB0F25F777810015B4EE /* Build configuration list for PBXProject "DuTest" */ = {
			isa = XCConfigurationList;
			buildConfigurations = (
				A74FFB3E25F777850015B4EE /* Debug */,
				A74FFB3F25F777850015B4EE /* Release */,
			);
			defaultConfigurationIsVisible = 0;
			defaultConfigurationName = Release;
		};
		A74FFB4025F777850015B4EE /* Build configuration list for PBXNativeTarget "DuTest" */ = {
			isa = XCConfigurationList;
			buildConfigurations = (
				A74FFB4125F777850015B4EE /* Debug */,
				A74FFB4225F777850015B4EE /* Release */,
			);
			defaultConfigurationIsVisible = 0;
			defaultConfigurationName = Release;
		};
		A74FFB4325F777850015B4EE /* Build configuration list for PBXNativeTarget "DuTestTests" */ = {
			isa = XCConfigurationList;
			buildConfigurations = (
				A74FFB4425F777850015B4EE /* Debug */,
				A74FFB4525F777850015B4EE /* Release */,
			);
			defaultConfigurationIsVisible = 0;
			defaultConfigurationName = Release;
		};
		A74FFB4625F777850015B4EE /* Build configuration list for PBXNativeTarget "DuTestUITests" */ = {
			isa = XCConfigurationList;
			buildConfigurations = (
				A74FFB4725F777850015B4EE /* Debug */,
				A74FFB4825F777850015B4EE /* Release */,
			);
			defaultConfigurationIsVisible = 0;
			defaultConfigurationName = Release;
		};
/* End XCConfigurationList section */
	};
	rootObject = A74FFB0C25F777810015B4EE /* Project object */;
}
