// !$*UTF8*$!
{
	archiveVersion = 1;
	classes = {
	};
	objectVersion = 51;
	objects = {

/* Begin PBXBuildFile section */
		2682D16F9C3489510B621B86 /* Pods_DuTest.framework in Frameworks */ = {isa = PBXBuildFile; fileRef = B4813EEB4333B85E14CD86A9 /* Pods_DuTest.framework */; };
		A72BDF1E25F78308000D6301 /* LoginVM.swift in Sources */ = {isa = PBXBuildFile; fileRef = A72BDF1D25F78308000D6301 /* LoginVM.swift */; };
		A72BDF2125F783C3000D6301 /* CommonViewModel.swift in Sources */ = {isa = PBXBuildFile; fileRef = A72BDF2025F783C3000D6301 /* CommonViewModel.swift */; };
		A72BDF2425F78823000D6301 /* User.swift in Sources */ = {isa = PBXBuildFile; fileRef = A72BDF2325F78823000D6301 /* User.swift */; };
		A74FFB1825F777810015B4EE /* AppDelegate.swift in Sources */ = {isa = PBXBuildFile; fileRef = A74FFB1725F777810015B4EE /* AppDelegate.swift */; };
		A74FFB1A25F777810015B4EE /* SceneDelegate.swift in Sources */ = {isa = PBXBuildFile; fileRef = A74FFB1925F777810015B4EE /* SceneDelegate.swift */; };
		A74FFB1C25F777810015B4EE /* PostsVC.swift in Sources */ = {isa = PBXBuildFile; fileRef = A74FFB1B25F777810015B4EE /* PostsVC.swift */; };
		A74FFB1E25F777810015B4EE /* FavVC.swift in Sources */ = {isa = PBXBuildFile; fileRef = A74FFB1D25F777810015B4EE /* FavVC.swift */; };
		A74FFB2125F777810015B4EE /* Main.storyboard in Resources */ = {isa = PBXBuildFile; fileRef = A74FFB1F25F777810015B4EE /* Main.storyboard */; };
		A74FFB2325F777850015B4EE /* Assets.xcassets in Resources */ = {isa = PBXBuildFile; fileRef = A74FFB2225F777850015B4EE /* Assets.xcassets */; };
		A74FFB2625F777850015B4EE /* LaunchScreen.storyboard in Resources */ = {isa = PBXBuildFile; fileRef = A74FFB2425F777850015B4EE /* LaunchScreen.storyboard */; };
		A74FFB3125F777850015B4EE /* DuTestTests.swift in Sources */ = {isa = PBXBuildFile; fileRef = A74FFB3025F777850015B4EE /* DuTestTests.swift */; };
		A74FFB3C25F777850015B4EE /* DuTestUITests.swift in Sources */ = {isa = PBXBuildFile; fileRef = A74FFB3B25F777850015B4EE /* DuTestUITests.swift */; };
		A74FFB4A25F777EB0015B4EE /* Login.storyboard in Resources */ = {isa = PBXBuildFile; fileRef = A74FFB4925F777EB0015B4EE /* Login.storyboard */; };
		A74FFB5025F778780015B4EE /* LoginVC.swift in Sources */ = {isa = PBXBuildFile; fileRef = A74FFB4F25F778780015B4EE /* LoginVC.swift */; };
		A7ED2C7425F79217006C24AA /* ValidationHelper.swift in Sources */ = {isa = PBXBuildFile; fileRef = A7ED2C7325F79217006C24AA /* ValidationHelper.swift */; };
		A7ED2C7925F7A4BC006C24AA /* HomeTabVC.swift in Sources */ = {isa = PBXBuildFile; fileRef = A7ED2C7825F7A4BC006C24AA /* HomeTabVC.swift */; };
		ED2F6AF3D6C644FA5A9C6A0F /* Pods_DuTestTests.framework in Frameworks */ = {isa = PBXBuildFile; fileRef = 569453D52BA510F565CF02F9 /* Pods_DuTestTests.framework */; };
		F66314D92D24D3472382D22E /* Pods_DuTest_DuTestUITests.framework in Frameworks */ = {isa = PBXBuildFile; fileRef = 1A8D7CF04512CDC89517A808 /* Pods_DuTest_DuTestUITests.framework */; };
/* End PBXBuildFile section */

/* Begin PBXContainerItemProxy section */
		A74FFB2D25F777850015B4EE /* PBXContainerItemProxy */ = {
			isa = PBXContainerItemProxy;
			containerPortal = A74FFB0C25F777810015B4EE /* Project object */;
			proxyType = 1;
			remoteGlobalIDString = A74FFB1325F777810015B4EE;
			remoteInfo = DuTest;
		};
		A74FFB3825F777850015B4EE /* PBXContainerItemProxy */ = {
			isa = PBXContainerItemProxy;
			containerPortal = A74FFB0C25F777810015B4EE /* Project object */;
			proxyType = 1;
			remoteGlobalIDString = A74FFB1325F777810015B4EE;
			remoteInfo = DuTest;
		};
/* End PBXContainerItemProxy section */

/* Begin PBXFileReference section */
		1A8D7CF04512CDC89517A808 /* Pods_DuTest_DuTestUITests.framework */ = {isa = PBXFileReference; explicitFileType = wrapper.framework; includeInIndex = 0; path = Pods_DuTest_DuTestUITests.framework; sourceTree = BUILT_PRODUCTS_DIR; };
		569453D52BA510F565CF02F9 /* Pods_DuTestTests.framework */ = {isa = PBXFileReference; explicitFileType = wrapper.framework; includeInIndex = 0; path = Pods_DuTestTests.framework; sourceTree = BUILT_PRODUCTS_DIR; };
		69FD99EC3A1B6B3F4EF427E8 /* Pods-DuTestTests.release.xcconfig */ = {isa = PBXFileReference; includeInIndex = 1; lastKnownFileType = text.xcconfig; name = "Pods-DuTestTests.release.xcconfig"; path = "Target Support Files/Pods-DuTestTests/Pods-DuTestTests.release.xcconfig"; sourceTree = "<group>"; };
		7AEE19CB2B2D919B3E66C260 /* Pods-DuTest.release.xcconfig */ = {isa = PBXFileReference; includeInIndex = 1; lastKnownFileType = text.xcconfig; name = "Pods-DuTest.release.xcconfig"; path = "Target Support Files/Pods-DuTest/Pods-DuTest.release.xcconfig"; sourceTree = "<group>"; };
		9E9230ADD9A88C82E11258EA /* Pods-DuTestTests.debug.xcconfig */ = {isa = PBXFileReference; includeInIndex = 1; lastKnownFileType = text.xcconfig; name = "Pods-DuTestTests.debug.xcconfig"; path = "Target Support Files/Pods-DuTestTests/Pods-DuTestTests.debug.xcconfig"; sourceTree = "<group>"; };
		A72BDF1D25F78308000D6301 /* LoginVM.swift */ = {isa = PBXFileReference; lastKnownFileType = sourcecode.swift; path = LoginVM.swift; sourceTree = "<group>"; };
		A72BDF2025F783C3000D6301 /* CommonViewModel.swift */ = {isa = PBXFileReference; fileEncoding = 4; lastKnownFileType = sourcecode.swift; path = CommonViewModel.swift; sourceTree = "<group>"; };
		A72BDF2325F78823000D6301 /* User.swift */ = {isa = PBXFileReference; lastKnownFileType = sourcecode.swift; path = User.swift; sourceTree = "<group>"; };
		A74FFB1425F777810015B4EE /* DuTest.app */ = {isa = PBXFileReference; explicitFileType = wrapper.application; includeInIndex = 0; path = DuTest.app; sourceTree = BUILT_PRODUCTS_DIR; };
		A74FFB1725F777810015B4EE /* AppDelegate.swift */ = {isa = PBXFileReference; lastKnownFileType = sourcecode.swift; path = AppDelegate.swift; sourceTree = "<group>"; };
		A74FFB1925F777810015B4EE /* SceneDelegate.swift */ = {isa = PBXFileReference; lastKnownFileType = sourcecode.swift; path = SceneDelegate.swift; sourceTree = "<group>"; };
		A74FFB1B25F777810015B4EE /* PostsVC.swift */ = {isa = PBXFileReference; lastKnownFileType = sourcecode.swift; path = PostsVC.swift; sourceTree = "<group>"; };
		A74FFB1D25F777810015B4EE /* FavVC.swift */ = {isa = PBXFileReference; lastKnownFileType = sourcecode.swift; path = FavVC.swift; sourceTree = "<group>"; };
		A74FFB2025F777810015B4EE /* Base */ = {isa = PBXFileReference; lastKnownFileType = file.storyboard; name = Base; path = Base.lproj/Main.storyboard; sourceTree = "<group>"; };
		A74FFB2225F777850015B4EE /* Assets.xcassets */ = {isa = PBXFileReference; lastKnownFileType = folder.assetcatalog; path = Assets.xcassets; sourceTree = "<group>"; };
		A74FFB2525F777850015B4EE /* Base */ = {isa = PBXFileReference; lastKnownFileType = file.storyboard; name = Base; path = Base.lproj/LaunchScreen.storyboard; sourceTree = "<group>"; };
		A74FFB2725F777850015B4EE /* Info.plist */ = {isa = PBXFileReference; lastKnownFileType = text.plist.xml; path = Info.plist; sourceTree = "<group>"; };
		A74FFB2C25F777850015B4EE /* DuTestTests.xctest */ = {isa = PBXFileReference; explicitFileType = wrapper.cfbundle; includeInIndex = 0; path = DuTestTests.xctest; sourceTree = BUILT_PRODUCTS_DIR; };
		A74FFB3025F777850015B4EE /* DuTestTests.swift */ = {isa = PBXFileReference; lastKnownFileType = sourcecode.swift; path = DuTestTests.swift; sourceTree = "<group>"; };
		A74FFB3225F777850015B4EE /* Info.plist */ = {isa = PBXFileReference; lastKnownFileType = text.plist.xml; path = Info.plist; sourceTree = "<group>"; };
		A74FFB3725F777850015B4EE /* DuTestUITests.xctest */ = {isa = PBXFileReference; explicitFileType = wrapper.cfbundle; includeInIndex = 0; path = DuTestUITests.xctest; sourceTree = BUILT_PRODUCTS_DIR; };
		A74FFB3B25F777850015B4EE /* DuTestUITests.swift */ = {isa = PBXFileReference; lastKnownFileType = sourcecode.swift; path = DuTestUITests.swift; sourceTree = "<group>"; };
		A74FFB3D25F777850015B4EE /* Info.plist */ = {isa = PBXFileReference; lastKnownFileType = text.plist.xml; path = Info.plist; sourceTree = "<group>"; };
		A74FFB4925F777EB0015B4EE /* Login.storyboard */ = {isa = PBXFileReference; lastKnownFileType = file.storyboard; path = Login.storyboard; sourceTree = "<group>"; };
		A74FFB4F25F778780015B4EE /* LoginVC.swift */ = {isa = PBXFileReference; lastKnownFileType = sourcecode.swift; path = LoginVC.swift; sourceTree = "<group>"; };
		A7ED2C7325F79217006C24AA /* ValidationHelper.swift */ = {isa = PBXFileReference; lastKnownFileType = sourcecode.swift; path = ValidationHelper.swift; sourceTree = "<group>"; };
		A7ED2C7825F7A4BC006C24AA /* HomeTabVC.swift */ = {isa = PBXFileReference; lastKnownFileType = sourcecode.swift; path = HomeTabVC.swift; sourceTree = "<group>"; };
		B4813EEB4333B85E14CD86A9 /* Pods_DuTest.framework */ = {isa = PBXFileReference; explicitFileType = wrapper.framework; includeInIndex = 0; path = Pods_DuTest.framework; sourceTree = BUILT_PRODUCTS_DIR; };
		B4C1C68F82684D11AE814EA0 /* Pods-DuTest-DuTestUITests.release.xcconfig */ = {isa = PBXFileReference; includeInIndex = 1; lastKnownFileType = text.xcconfig; name = "Pods-DuTest-DuTestUITests.release.xcconfig"; path = "Target Support Files/Pods-DuTest-DuTestUITests/Pods-DuTest-DuTestUITests.release.xcconfig"; sourceTree = "<group>"; };
		B5B470C7047822ECFAF5F980 /* Pods-DuTest-DuTestUITests.debug.xcconfig */ = {isa = PBXFileReference; includeInIndex = 1; lastKnownFileType = text.xcconfig; name = "Pods-DuTest-DuTestUITests.debug.xcconfig"; path = "Target Support Files/Pods-DuTest-DuTestUITests/Pods-DuTest-DuTestUITests.debug.xcconfig"; sourceTree = "<group>"; };
		E2418A3619F59DB08528B76D /* Pods-DuTest.debug.xcconfig */ = {isa = PBXFileReference; includeInIndex = 1; lastKnownFileType = text.xcconfig; name = "Pods-DuTest.debug.xcconfig"; path = "Target Support Files/Pods-DuTest/Pods-DuTest.debug.xcconfig"; sourceTree = "<group>"; };
/* End PBXFileReference section */

/* Begin PBXFrameworksBuildPhase section */
		A74FFB1125F777810015B4EE /* Frameworks */ = {
			isa = PBXFrameworksBuildPhase;
			buildActionMask = 2147483647;
			files = (
				2682D16F9C3489510B621B86 /* Pods_DuTest.framework in Frameworks */,
			);
			runOnlyForDeploymentPostprocessing = 0;
		};
		A74FFB2925F777850015B4EE /* Frameworks */ = {
			isa = PBXFrameworksBuildPhase;
			buildActionMask = 2147483647;
			files = (
				ED2F6AF3D6C644FA5A9C6A0F /* Pods_DuTestTests.framework in Frameworks */,
			);
			runOnlyForDeploymentPostprocessing = 0;
		};
		A74FFB3425F777850015B4EE /* Frameworks */ = {
			isa = PBXFrameworksBuildPhase;
			buildActionMask = 2147483647;
			files = (
				F66314D92D24D3472382D22E /* Pods_DuTest_DuTestUITests.framework in Frameworks */,
			);
			runOnlyForDeploymentPostprocessing = 0;
		};
/* End PBXFrameworksBuildPhase section */

/* Begin PBXGroup section */
		20CA4A023084846565B6D6AB /* Frameworks */ = {
			isa = PBXGroup;
			children = (
				B4813EEB4333B85E14CD86A9 /* Pods_DuTest.framework */,
				1A8D7CF04512CDC89517A808 /* Pods_DuTest_DuTestUITests.framework */,
				569453D52BA510F565CF02F9 /* Pods_DuTestTests.framework */,
			);
			name = Frameworks;
			sourceTree = "<group>";
		};
		A72BDF1F25F783A8000D6301 /* CommonVM */ = {
			isa = PBXGroup;
			children = (
				A72BDF2025F783C3000D6301 /* CommonViewModel.swift */,
			);
			path = CommonVM;
			sourceTree = "<group>";
		};
		A72BDF2225F78806000D6301 /* Models */ = {
			isa = PBXGroup;
			children = (
				A72BDF2325F78823000D6301 /* User.swift */,
			);
			path = Models;
			sourceTree = "<group>";
		};
		A74FFB0B25F777810015B4EE = {
			isa = PBXGroup;
			children = (
				A74FFB1625F777810015B4EE /* DuTest */,
				A74FFB2F25F777850015B4EE /* DuTestTests */,
				A74FFB3A25F777850015B4EE /* DuTestUITests */,
				A74FFB1525F777810015B4EE /* Products */,
				EFF2A81A05D7DF64593CA746 /* Pods */,
				20CA4A023084846565B6D6AB /* Frameworks */,
			);
			sourceTree = "<group>";
		};
		A74FFB1525F777810015B4EE /* Products */ = {
			isa = PBXGroup;
			children = (
				A74FFB1425F777810015B4EE /* DuTest.app */,
				A74FFB2C25F777850015B4EE /* DuTestTests.xctest */,
				A74FFB3725F777850015B4EE /* DuTestUITests.xctest */,
			);
			name = Products;
			sourceTree = "<group>";
		};
		A74FFB1625F777810015B4EE /* DuTest */ = {
			isa = PBXGroup;
			children = (
				A7ED2C7225F791D4006C24AA /* Helper */,
				A72BDF2225F78806000D6301 /* Models */,
				A72BDF1F25F783A8000D6301 /* CommonVM */,
				A74FFB4C25F7780E0015B4EE /* Home */,
				A74FFB4B25F777FC0015B4EE /* Login */,
				A74FFB1725F777810015B4EE /* AppDelegate.swift */,
				A74FFB1925F777810015B4EE /* SceneDelegate.swift */,
				A74FFB2225F777850015B4EE /* Assets.xcassets */,
				A74FFB2425F777850015B4EE /* LaunchScreen.storyboard */,
				A74FFB2725F777850015B4EE /* Info.plist */,
			);
			path = DuTest;
			sourceTree = "<group>";
		};
		A74FFB2F25F777850015B4EE /* DuTestTests */ = {
			isa = PBXGroup;
			children = (
				A74FFB3025F777850015B4EE /* DuTestTests.swift */,
				A74FFB3225F777850015B4EE /* Info.plist */,
			);
			path = DuTestTests;
			sourceTree = "<group>";
		};
		A74FFB3A25F777850015B4EE /* DuTestUITests */ = {
			isa = PBXGroup;
			children = (
				A74FFB3B25F777850015B4EE /* DuTestUITests.swift */,
				A74FFB3D25F777850015B4EE /* Info.plist */,
			);
			path = DuTestUITests;
			sourceTree = "<group>";
		};
		A74FFB4B25F777FC0015B4EE /* Login */ = {
			isa = PBXGroup;
			children = (
				A74FFB4925F777EB0015B4EE /* Login.storyboard */,
				A74FFB4F25F778780015B4EE /* LoginVC.swift */,
				A72BDF1D25F78308000D6301 /* LoginVM.swift */,
			);
			path = Login;
			sourceTree = "<group>";
		};
		A74FFB4C25F7780E0015B4EE /* Home */ = {
			isa = PBXGroup;
			children = (
				A7ED2C7725F7A44C006C24AA /* HomeTab */,
				A74FFB4E25F7782C0015B4EE /* Favourite */,
				A74FFB4D25F778240015B4EE /* Posts */,
				A74FFB1F25F777810015B4EE /* Main.storyboard */,
			);
			path = Home;
			sourceTree = "<group>";
		};
		A74FFB4D25F778240015B4EE /* Posts */ = {
			isa = PBXGroup;
			children = (
				A74FFB1B25F777810015B4EE /* PostsVC.swift */,
			);
			path = Posts;
			sourceTree = "<group>";
		};
		A74FFB4E25F7782C0015B4EE /* Favourite */ = {
			isa = PBXGroup;
			children = (
				A74FFB1D25F777810015B4EE /* FavVC.swift */,
			);
			path = Favourite;
			sourceTree = "<group>";
		};
		A7ED2C7225F791D4006C24AA /* Helper */ = {
			isa = PBXGroup;
			children = (
				A7ED2C7325F79217006C24AA /* ValidationHelper.swift */,
			);
			path = Helper;
			sourceTree = "<group>";
		};
		A7ED2C7725F7A44C006C24AA /* HomeTab */ = {
			isa = PBXGroup;
			children = (
				A7ED2C7825F7A4BC006C24AA /* HomeTabVC.swift */,
			);
			path = HomeTab;
			sourceTree = "<group>";
		};
		EFF2A81A05D7DF64593CA746 /* Pods */ = {
			isa = PBXGroup;
			children = (
				E2418A3619F59DB08528B76D /* Pods-DuTest.debug.xcconfig */,
				7AEE19CB2B2D919B3E66C260 /* Pods-DuTest.release.xcconfig */,
				B5B470C7047822ECFAF5F980 /* Pods-DuTest-DuTestUITests.debug.xcconfig */,
				B4C1C68F82684D11AE814EA0 /* Pods-DuTest-DuTestUITests.release.xcconfig */,
				9E9230ADD9A88C82E11258EA /* Pods-DuTestTests.debug.xcconfig */,
				69FD99EC3A1B6B3F4EF427E8 /* Pods-DuTestTests.release.xcconfig */,
			);
			path = Pods;
			sourceTree = "<group>";
		};
/* End PBXGroup section */

/* Begin PBXNativeTarget section */
		A74FFB1325F777810015B4EE /* DuTest */ = {
			isa = PBXNativeTarget;
			buildConfigurationList = A74FFB4025F777850015B4EE /* Build configuration list for PBXNativeTarget "DuTest" */;
			buildPhases = (
				321F68A354D5D4F15AA5691D /* [CP] Check Pods Manifest.lock */,
				A74FFB1025F777810015B4EE /* Sources */,
				A74FFB1125F777810015B4EE /* Frameworks */,
				A74FFB1225F777810015B4EE /* Resources */,
				BD429A7F12B35EF921ADB0C9 /* [CP] Embed Pods Frameworks */,
			);
			buildRules = (
			);
			dependencies = (
			);
			name = DuTest;
			productName = DuTest;
			productReference = A74FFB1425F777810015B4EE /* DuTest.app */;
			productType = "com.apple.product-type.application";
		};
		A74FFB2B25F777850015B4EE /* DuTestTests */ = {
			isa = PBXNativeTarget;
			buildConfigurationList = A74FFB4325F777850015B4EE /* Build configuration list for PBXNativeTarget "DuTestTests" */;
			buildPhases = (
				BB1669999B1BB181BB7A2474 /* [CP] Check Pods Manifest.lock */,
				A74FFB2825F777850015B4EE /* Sources */,
				A74FFB2925F777850015B4EE /* Frameworks */,
				A74FFB2A25F777850015B4EE /* Resources */,
			);
			buildRules = (
			);
			dependencies = (
				A74FFB2E25F777850015B4EE /* PBXTargetDependency */,
			);
			name = DuTestTests;
			productName = DuTestTests;
			productReference = A74FFB2C25F777850015B4EE /* DuTestTests.xctest */;
			productType = "com.apple.product-type.bundle.unit-test";
		};
		A74FFB3625F777850015B4EE /* DuTestUITests */ = {
			isa = PBXNativeTarget;
			buildConfigurationList = A74FFB4625F777850015B4EE /* Build configuration list for PBXNativeTarget "DuTestUITests" */;
			buildPhases = (
				CEEF7A7E9ECBFAEF134D4653 /* [CP] Check Pods Manifest.lock */,
				A74FFB3325F777850015B4EE /* Sources */,
				A74FFB3425F777850015B4EE /* Frameworks */,
				A74FFB3525F777850015B4EE /* Resources */,
				2938C76F1D3A11C1B137E865 /* [CP] Embed Pods Frameworks */,
			);
			buildRules = (
			);
			dependencies = (
				A74FFB3925F777850015B4EE /* PBXTargetDependency */,
			);
			name = DuTestUITests;
			productName = DuTestUITests;
			productReference = A74FFB3725F777850015B4EE /* DuTestUITests.xctest */;
			productType = "com.apple.product-type.bundle.ui-testing";
		};
/* End PBXNativeTarget section */

/* Begin PBXProject section */
		A74FFB0C25F777810015B4EE /* Project object */ = {
			isa = PBXProject;
			attributes = {
				LastSwiftUpdateCheck = 1130;
				LastUpgradeCheck = 1130;
				ORGANIZATIONNAME = Shahid;
				TargetAttributes = {
					A74FFB1325F777810015B4EE = {
						CreatedOnToolsVersion = 11.3.1;
					};
					A74FFB2B25F777850015B4EE = {
						CreatedOnToolsVersion = 11.3.1;
						TestTargetID = A74FFB1325F777810015B4EE;
					};
					A74FFB3625F777850015B4EE = {
						CreatedOnToolsVersion = 11.3.1;
						TestTargetID = A74FFB1325F777810015B4EE;
					};
				};
			};
			buildConfigurationList = A74FFB0F25F777810015B4EE /* Build configuration list for PBXProject "DuTest" */;
			compatibilityVersion = "Xcode 9.3";
			developmentRegion = en;
			hasScannedForEncodings = 0;
			knownRegions = (
				en,
				Base,
			);
			mainGroup = A74FFB0B25F777810015B4EE;
			productRefGroup = A74FFB1525F777810015B4EE /* Products */;
			projectDirPath = "";
			projectRoot = "";
			targets = (
				A74FFB1325F777810015B4EE /* DuTest */,
				A74FFB2B25F777850015B4EE /* DuTestTests */,
				A74FFB3625F777850015B4EE /* DuTestUITests */,
			);
		};
/* End PBXProject section */

/* Begin PBXResourcesBuildPhase section */
		A74FFB1225F777810015B4EE /* Resources */ = {
			isa = PBXResourcesBuildPhase;
			buildActionMask = 2147483647;
			files = (
				A74FFB4A25F777EB0015B4EE /* Login.storyboard in Resources */,
				A74FFB2625F777850015B4EE /* LaunchScreen.storyboard in Resources */,
				A74FFB2325F777850015B4EE /* Assets.xcassets in Resources */,
				A74FFB2125F777810015B4EE /* Main.storyboard in Resources */,
			);
			runOnlyForDeploymentPostprocessing = 0;
		};
		A74FFB2A25F777850015B4EE /* Resources */ = {
			isa = PBXResourcesBuildPhase;
			buildActionMask = 2147483647;
			files = (
			);
			runOnlyForDeploymentPostprocessing = 0;
		};
		A74FFB3525F777850015B4EE /* Resources */ = {
			isa = PBXResourcesBuildPhase;
			buildActionMask = 2147483647;
			files = (
			);
			runOnlyForDeploymentPostprocessing = 0;
		};
/* End PBXResourcesBuildPhase section */

/* Begin PBXShellScriptBuildPhase section */
		2938C76F1D3A11C1B137E865 /* [CP] Embed Pods Frameworks */ = {
			isa = PBXShellScriptBuildPhase;
			buildActionMask = 2147483647;
			files = (
			);
			inputFileListPaths = (
				"${PODS_ROOT}/Target Support Files/Pods-DuTest-DuTestUITests/Pods-DuTest-DuTestUITests-frameworks-${CONFIGURATION}-input-files.xcfilelist",
			);
			name = "[CP] Embed Pods Frameworks";
			outputFileListPaths = (
				"${PODS_ROOT}/Target Support Files/Pods-DuTest-DuTestUITests/Pods-DuTest-DuTestUITests-frameworks-${CONFIGURATION}-output-files.xcfilelist",
			);
			runOnlyForDeploymentPostprocessing = 0;
			shellPath = /bin/sh;
			shellScript = "\"${PODS_ROOT}/Target Support Files/Pods-DuTest-DuTestUITests/Pods-DuTest-DuTestUITests-frameworks.sh\"\n";
			showEnvVarsInLog = 0;
		};
		321F68A354D5D4F15AA5691D /* [CP] Check Pods Manifest.lock */ = {
			isa = PBXShellScriptBuildPhase;
			buildActionMask = 2147483647;
			files = (
			);
			inputFileListPaths = (
			);
			inputPaths = (
				"${PODS_PODFILE_DIR_PATH}/Podfile.lock",
				"${PODS_ROOT}/Manifest.lock",
			);
			name = "[CP] Check Pods Manifest.lock";
			outputFileListPaths = (
			);
			outputPaths = (
				"$(DERIVED_FILE_DIR)/Pods-DuTest-checkManifestLockResult.txt",
			);
			runOnlyForDeploymentPostprocessing = 0;
			shellPath = /bin/sh;
			shellScript = "diff \"${PODS_PODFILE_DIR_PATH}/Podfile.lock\" \"${PODS_ROOT}/Manifest.lock\" > /dev/null\nif [ $? != 0 ] ; then\n    # print error to STDERR\n    echo \"error: The sandbox is not in sync with the Podfile.lock. Run 'pod install' or update your CocoaPods installation.\" >&2\n    exit 1\nfi\n# This output is used by Xcode 'outputs' to avoid re-running this script phase.\necho \"SUCCESS\" > \"${SCRIPT_OUTPUT_FILE_0}\"\n";
			showEnvVarsInLog = 0;
		};
		BB1669999B1BB181BB7A2474 /* [CP] Check Pods Manifest.lock */ = {
			isa = PBXShellScriptBuildPhase;
			buildActionMask = 2147483647;
			files = (
			);
			inputFileListPaths = (
			);
			inputPaths = (
				"${PODS_PODFILE_DIR_PATH}/Podfile.lock",
				"${PODS_ROOT}/Manifest.lock",
			);
			name = "[CP] Check Pods Manifest.lock";
			outputFileListPaths = (
			);
			outputPaths = (
				"$(DERIVED_FILE_DIR)/Pods-DuTestTests-checkManifestLockResult.txt",
			);
			runOnlyForDeploymentPostprocessing = 0;
			shellPath = /bin/sh;
			shellScript = "diff \"${PODS_PODFILE_DIR_PATH}/Podfile.lock\" \"${PODS_ROOT}/Manifest.lock\" > /dev/null\nif [ $? != 0 ] ; then\n    # print error to STDERR\n    echo \"error: The sandbox is not in sync with the Podfile.lock. Run 'pod install' or update your CocoaPods installation.\" >&2\n    exit 1\nfi\n# This output is used by Xcode 'outputs' to avoid re-running this script phase.\necho \"SUCCESS\" > \"${SCRIPT_OUTPUT_FILE_0}\"\n";
			showEnvVarsInLog = 0;
		};
		BD429A7F12B35EF921ADB0C9 /* [CP] Embed Pods Frameworks */ = {
			isa = PBXShellScriptBuildPhase;
			buildActionMask = 2147483647;
			files = (
			);
			inputFileListPaths = (
				"${PODS_ROOT}/Target Support Files/Pods-DuTest/Pods-DuTest-frameworks-${CONFIGURATION}-input-files.xcfilelist",
			);
			name = "[CP] Embed Pods Frameworks";
			outputFileListPaths = (
				"${PODS_ROOT}/Target Support Files/Pods-DuTest/Pods-DuTest-frameworks-${CONFIGURATION}-output-files.xcfilelist",
			);
			runOnlyForDeploymentPostprocessing = 0;
			shellPath = /bin/sh;
			shellScript = "\"${PODS_ROOT}/Target Support Files/Pods-DuTest/Pods-DuTest-frameworks.sh\"\n";
			showEnvVarsInLog = 0;
		};
		CEEF7A7E9ECBFAEF134D4653 /* [CP] Check Pods Manifest.lock */ = {
			isa = PBXShellScriptBuildPhase;
			buildActionMask = 2147483647;
			files = (
			);
			inputFileListPaths = (
			);
			inputPaths = (
				"${PODS_PODFILE_DIR_PATH}/Podfile.lock",
				"${PODS_ROOT}/Manifest.lock",
			);
			name = "[CP] Check Pods Manifest.lock";
			outputFileListPaths = (
			);
			outputPaths = (
				"$(DERIVED_FILE_DIR)/Pods-DuTest-DuTestUITests-checkManifestLockResult.txt",
			);
			runOnlyForDeploymentPostprocessing = 0;
			shellPath = /bin/sh;
			shellScript = "diff \"${PODS_PODFILE_DIR_PATH}/Podfile.lock\" \"${PODS_ROOT}/Manifest.lock\" > /dev/null\nif [ $? != 0 ] ; then\n    # print error to STDERR\n    echo \"error: The sandbox is not in sync with the Podfile.lock. Run 'pod install' or update your CocoaPods installation.\" >&2\n    exit 1\nfi\n# This output is used by Xcode 'outputs' to avoid re-running this script phase.\necho \"SUCCESS\" > \"${SCRIPT_OUTPUT_FILE_0}\"\n";
			showEnvVarsInLog = 0;
		};
/* End PBXShellScriptBuildPhase section */

/* Begin PBXSourcesBuildPhase section */
		A74FFB1025F777810015B4EE /* Sources */ = {
			isa = PBXSourcesBuildPhase;
			buildActionMask = 2147483647;
			files = (
				A74FFB1E25F777810015B4EE /* FavVC.swift in Sources */,
				A7ED2C7425F79217006C24AA /* ValidationHelper.swift in Sources */,
				A74FFB1C25F777810015B4EE /* PostsVC.swift in Sources */,
				A7ED2C7925F7A4BC006C24AA /* HomeTabVC.swift in Sources */,
				A72BDF1E25F78308000D6301 /* LoginVM.swift in Sources */,
				A74FFB1825F777810015B4EE /* AppDelegate.swift in Sources */,
				A72BDF2425F78823000D6301 /* User.swift in Sources */,
				A74FFB1A25F777810015B4EE /* SceneDelegate.swift in Sources */,
				A74FFB5025F778780015B4EE /* LoginVC.swift in Sources */,
				A72BDF2125F783C3000D6301 /* CommonViewModel.swift in Sources */,
			);
			runOnlyForDeploymentPostprocessing = 0;
		};
		A74FFB2825F777850015B4EE /* Sources */ = {
			isa = PBXSourcesBuildPhase;
			buildActionMask = 2147483647;
			files = (
				A74FFB3125F777850015B4EE /* DuTestTests.swift in Sources */,
			);
			runOnlyForDeploymentPostprocessing = 0;
		};
		A74FFB3325F777850015B4EE /* Sources */ = {
			isa = PBXSourcesBuildPhase;
			buildActionMask = 2147483647;
			files = (
				A74FFB3C25F777850015B4EE /* DuTestUITests.swift in Sources */,
			);
			runOnlyForDeploymentPostprocessing = 0;
		};
/* End PBXSourcesBuildPhase section */

/* Begin PBXTargetDependency section */
		A74FFB2E25F777850015B4EE /* PBXTargetDependency */ = {
			isa = PBXTargetDependency;
			target = A74FFB1325F777810015B4EE /* DuTest */;
			targetProxy = A74FFB2D25F777850015B4EE /* PBXContainerItemProxy */;
		};
		A74FFB3925F777850015B4EE /* PBXTargetDependency */ = {
			isa = PBXTargetDependency;
			target = A74FFB1325F777810015B4EE /* DuTest */;
			targetProxy = A74FFB3825F777850015B4EE /* PBXContainerItemProxy */;
		};
/* End PBXTargetDependency section */

/* Begin PBXVariantGroup section */
		A74FFB1F25F777810015B4EE /* Main.storyboard */ = {
			isa = PBXVariantGroup;
			children = (
				A74FFB2025F777810015B4EE /* Base */,
			);
			name = Main.storyboard;
			sourceTree = "<group>";
		};
		A74FFB2425F777850015B4EE /* LaunchScreen.storyboard */ = {
			isa = PBXVariantGroup;
			children = (
				A74FFB2525F777850015B4EE /* Base */,
			);
			name = LaunchScreen.storyboard;
			sourceTree = "<group>";
		};
/* End PBXVariantGroup section */

/* Begin XCBuildConfiguration section */
		A74FFB3E25F777850015B4EE /* Debug */ = {
			isa = XCBuildConfiguration;
			buildSettings = {
				ALWAYS_SEARCH_USER_PATHS = NO;
				CLANG_ANALYZER_NONNULL = YES;
				CLANG_ANALYZER_NUMBER_OBJECT_CONVERSION = YES_AGGRESSIVE;
				CLANG_CXX_LANGUAGE_STANDARD = "gnu++14";
				CLANG_CXX_LIBRARY = "libc++";
				CLANG_ENABLE_MODULES = YES;
				CLANG_ENABLE_OBJC_ARC = YES;
				CLANG_ENABLE_OBJC_WEAK = YES;
				CLANG_WARN_BLOCK_CAPTURE_AUTORELEASING = YES;
				CLANG_WARN_BOOL_CONVERSION = YES;
				CLANG_WARN_COMMA = YES;
				CLANG_WARN_CONSTANT_CONVERSION = YES;
				CLANG_WARN_DEPRECATED_OBJC_IMPLEMENTATIONS = YES;
				CLANG_WARN_DIRECT_OBJC_ISA_USAGE = YES_ERROR;
				CLANG_WARN_DOCUMENTATION_COMMENTS = YES;
				CLANG_WARN_EMPTY_BODY = YES;
				CLANG_WARN_ENUM_CONVERSION = YES;
				CLANG_WARN_INFINITE_RECURSION = YES;
				CLANG_WARN_INT_CONVERSION = YES;
				CLANG_WARN_NON_LITERAL_NULL_CONVERSION = YES;
				CLANG_WARN_OBJC_IMPLICIT_RETAIN_SELF = YES;
				CLANG_WARN_OBJC_LITERAL_CONVERSION = YES;
				CLANG_WARN_OBJC_ROOT_CLASS = YES_ERROR;
				CLANG_WARN_RANGE_LOOP_ANALYSIS = YES;
				CLANG_WARN_STRICT_PROTOTYPES = YES;
				CLANG_WARN_SUSPICIOUS_MOVE = YES;
				CLANG_WARN_UNGUARDED_AVAILABILITY = YES_AGGRESSIVE;
				CLANG_WARN_UNREACHABLE_CODE = YES;
				CLANG_WARN__DUPLICATE_METHOD_MATCH = YES;
				COPY_PHASE_STRIP = NO;
				DEBUG_INFORMATION_FORMAT = dwarf;
				ENABLE_STRICT_OBJC_MSGSEND = YES;
				ENABLE_TESTABILITY = YES;
				GCC_C_LANGUAGE_STANDARD = gnu11;
				GCC_DYNAMIC_NO_PIC = NO;
				GCC_NO_COMMON_BLOCKS = YES;
				GCC_OPTIMIZATION_LEVEL = 0;
				GCC_PREPROCESSOR_DEFINITIONS = (
					"DEBUG=1",
					"$(inherited)",
				);
				GCC_WARN_64_TO_32_BIT_CONVERSION = YES;
				GCC_WARN_ABOUT_RETURN_TYPE = YES_ERROR;
				GCC_WARN_UNDECLARED_SELECTOR = YES;
				GCC_WARN_UNINITIALIZED_AUTOS = YES_AGGRESSIVE;
				GCC_WARN_UNUSED_FUNCTION = YES;
				GCC_WARN_UNUSED_VARIABLE = YES;
				IPHONEOS_DEPLOYMENT_TARGET = 13.2;
				MTL_ENABLE_DEBUG_INFO = INCLUDE_SOURCE;
				MTL_FAST_MATH = YES;
				ONLY_ACTIVE_ARCH = YES;
				SDKROOT = iphoneos;
				SWIFT_ACTIVE_COMPILATION_CONDITIONS = DEBUG;
				SWIFT_OPTIMIZATION_LEVEL = "-Onone";
			};
			name = Debug;
		};
		A74FFB3F25F777850015B4EE /* Release */ = {
			isa = XCBuildConfiguration;
			buildSettings = {
				ALWAYS_SEARCH_USER_PATHS = NO;
				CLANG_ANALYZER_NONNULL = YES;
				CLANG_ANALYZER_NUMBER_OBJECT_CONVERSION = YES_AGGRESSIVE;
				CLANG_CXX_LANGUAGE_STANDARD = "gnu++14";
				CLANG_CXX_LIBRARY = "libc++";
				CLANG_ENABLE_MODULES = YES;
				CLANG_ENABLE_OBJC_ARC = YES;
				CLANG_ENABLE_OBJC_WEAK = YES;
				CLANG_WARN_BLOCK_CAPTURE_AUTORELEASING = YES;
				CLANG_WARN_BOOL_CONVERSION = YES;
				CLANG_WARN_COMMA = YES;
				CLANG_WARN_CONSTANT_CONVERSION = YES;
				CLANG_WARN_DEPRECATED_OBJC_IMPLEMENTATIONS = YES;
				CLANG_WARN_DIRECT_OBJC_ISA_USAGE = YES_ERROR;
				CLANG_WARN_DOCUMENTATION_COMMENTS = YES;
				CLANG_WARN_EMPTY_BODY = YES;
				CLANG_WARN_ENUM_CONVERSION = YES;
				CLANG_WARN_INFINITE_RECURSION = YES;
				CLANG_WARN_INT_CONVERSION = YES;
				CLANG_WARN_NON_LITERAL_NULL_CONVERSION = YES;
				CLANG_WARN_OBJC_IMPLICIT_RETAIN_SELF = YES;
				CLANG_WARN_OBJC_LITERAL_CONVERSION = YES;
				CLANG_WARN_OBJC_ROOT_CLASS = YES_ERROR;
				CLANG_WARN_RANGE_LOOP_ANALYSIS = YES;
				CLANG_WARN_STRICT_PROTOTYPES = YES;
				CLANG_WARN_SUSPICIOUS_MOVE = YES;
				CLANG_WARN_UNGUARDED_AVAILABILITY = YES_AGGRESSIVE;
				CLANG_WARN_UNREACHABLE_CODE = YES;
				CLANG_WARN__DUPLICATE_METHOD_MATCH = YES;
				COPY_PHASE_STRIP = NO;
				DEBUG_INFORMATION_FORMAT = "dwarf-with-dsym";
				ENABLE_NS_ASSERTIONS = NO;
				ENABLE_STRICT_OBJC_MSGSEND = YES;
				GCC_C_LANGUAGE_STANDARD = gnu11;
				GCC_NO_COMMON_BLOCKS = YES;
				GCC_WARN_64_TO_32_BIT_CONVERSION = YES;
				GCC_WARN_ABOUT_RETURN_TYPE = YES_ERROR;
				GCC_WARN_UNDECLARED_SELECTOR = YES;
				GCC_WARN_UNINITIALIZED_AUTOS = YES_AGGRESSIVE;
				GCC_WARN_UNUSED_FUNCTION = YES;
				GCC_WARN_UNUSED_VARIABLE = YES;
				IPHONEOS_DEPLOYMENT_TARGET = 13.2;
				MTL_ENABLE_DEBUG_INFO = NO;
				MTL_FAST_MATH = YES;
				SDKROOT = iphoneos;
				SWIFT_COMPILATION_MODE = wholemodule;
				SWIFT_OPTIMIZATION_LEVEL = "-O";
				VALIDATE_PRODUCT = YES;
			};
			name = Release;
		};
		A74FFB4125F777850015B4EE /* Debug */ = {
			isa = XCBuildConfiguration;
			baseConfigurationReference = E2418A3619F59DB08528B76D /* Pods-DuTest.debug.xcconfig */;
			buildSettings = {
				ASSETCATALOG_COMPILER_APPICON_NAME = AppIcon;
				CODE_SIGN_STYLE = Automatic;
				INFOPLIST_FILE = DuTest/Info.plist;
				LD_RUNPATH_SEARCH_PATHS = (
					"$(inherited)",
					"@executable_path/Frameworks",
				);
				PRODUCT_BUNDLE_IDENTIFIER = com.shahid.DuTest;
				PRODUCT_NAME = "$(TARGET_NAME)";
				SWIFT_VERSION = 5.0;
				TARGETED_DEVICE_FAMILY = "1,2";
			};
			name = Debug;
		};
		A74FFB4225F777850015B4EE /* Release */ = {
			isa = XCBuildConfiguration;
			baseConfigurationReference = 7AEE19CB2B2D919B3E66C260 /* Pods-DuTest.release.xcconfig */;
			buildSettings = {
				ASSETCATALOG_COMPILER_APPICON_NAME = AppIcon;
				CODE_SIGN_STYLE = Automatic;
				INFOPLIST_FILE = DuTest/Info.plist;
				LD_RUNPATH_SEARCH_PATHS = (
					"$(inherited)",
					"@executable_path/Frameworks",
				);
				PRODUCT_BUNDLE_IDENTIFIER = com.shahid.DuTest;
				PRODUCT_NAME = "$(TARGET_NAME)";
				SWIFT_VERSION = 5.0;
				TARGETED_DEVICE_FAMILY = "1,2";
			};
			name = Release;
		};
		A74FFB4425F777850015B4EE /* Debug */ = {
			isa = XCBuildConfiguration;
			baseConfigurationReference = 9E9230ADD9A88C82E11258EA /* Pods-DuTestTests.debug.xcconfig */;
			buildSettings = {
				ALWAYS_EMBED_SWIFT_STANDARD_LIBRARIES = YES;
				BUNDLE_LOADER = "$(TEST_HOST)";
				CODE_SIGN_STYLE = Automatic;
				INFOPLIST_FILE = DuTestTests/Info.plist;
				IPHONEOS_DEPLOYMENT_TARGET = 13.2;
				LD_RUNPATH_SEARCH_PATHS = (
					"$(inherited)",
					"@executable_path/Frameworks",
					"@loader_path/Frameworks",
				);
				PRODUCT_BUNDLE_IDENTIFIER = com.shahid.DuTestTests;
				PRODUCT_NAME = "$(TARGET_NAME)";
				SWIFT_VERSION = 5.0;
				TARGETED_DEVICE_FAMILY = "1,2";
				TEST_HOST = "$(BUILT_PRODUCTS_DIR)/DuTest.app/DuTest";
			};
			name = Debug;
		};
		A74FFB4525F777850015B4EE /* Release */ = {
			isa = XCBuildConfiguration;
			baseConfigurationReference = 69FD99EC3A1B6B3F4EF427E8 /* Pods-DuTestTests.release.xcconfig */;
			buildSettings = {
				ALWAYS_EMBED_SWIFT_STANDARD_LIBRARIES = YES;
				BUNDLE_LOADER = "$(TEST_HOST)";
				CODE_SIGN_STYLE = Automatic;
				INFOPLIST_FILE = DuTestTests/Info.plist;
				IPHONEOS_DEPLOYMENT_TARGET = 13.2;
				LD_RUNPATH_SEARCH_PATHS = (
					"$(inherited)",
					"@executable_path/Frameworks",
					"@loader_path/Frameworks",
				);
				PRODUCT_BUNDLE_IDENTIFIER = com.shahid.DuTestTests;
				PRODUCT_NAME = "$(TARGET_NAME)";
				SWIFT_VERSION = 5.0;
				TARGETED_DEVICE_FAMILY = "1,2";
				TEST_HOST = "$(BUILT_PRODUCTS_DIR)/DuTest.app/DuTest";
			};
			name = Release;
		};
		A74FFB4725F777850015B4EE /* Debug */ = {
			isa = XCBuildConfiguration;
			baseConfigurationReference = B5B470C7047822ECFAF5F980 /* Pods-DuTest-DuTestUITests.debug.xcconfig */;
			buildSettings = {
				ALWAYS_EMBED_SWIFT_STANDARD_LIBRARIES = YES;
				CODE_SIGN_STYLE = Automatic;
				INFOPLIST_FILE = DuTestUITests/Info.plist;
				LD_RUNPATH_SEARCH_PATHS = (
					"$(inherited)",
					"@executable_path/Frameworks",
					"@loader_path/Frameworks",
				);
				PRODUCT_BUNDLE_IDENTIFIER = com.shahid.DuTestUITests;
				PRODUCT_NAME = "$(TARGET_NAME)";
				SWIFT_VERSION = 5.0;
				TARGETED_DEVICE_FAMILY = "1,2";
				TEST_TARGET_NAME = DuTest;
			};
			name = Debug;
		};
		A74FFB4825F777850015B4EE /* Release */ = {
			isa = XCBuildConfiguration;
			baseConfigurationReference = B4C1C68F82684D11AE814EA0 /* Pods-DuTest-DuTestUITests.release.xcconfig */;
			buildSettings = {
				ALWAYS_EMBED_SWIFT_STANDARD_LIBRARIES = YES;
				CODE_SIGN_STYLE = Automatic;
				INFOPLIST_FILE = DuTestUITests/Info.plist;
				LD_RUNPATH_SEARCH_PATHS = (
					"$(inherited)",
					"@executable_path/Frameworks",
					"@loader_path/Frameworks",
				);
				PRODUCT_BUNDLE_IDENTIFIER = com.shahid.DuTestUITests;
				PRODUCT_NAME = "$(TARGET_NAME)";
				SWIFT_VERSION = 5.0;
				TARGETED_DEVICE_FAMILY = "1,2";
				TEST_TARGET_NAME = DuTest;
			};
			name = Release;
		};
/* End XCBuildConfiguration section */

/* Begin XCConfigurationList section */
		A74FFB0F25F777810015B4EE /* Build configuration list for PBXProject "DuTest" */ = {
			isa = XCConfigurationList;
			buildConfigurations = (
				A74FFB3E25F777850015B4EE /* Debug */,
				A74FFB3F25F777850015B4EE /* Release */,
			);
			defaultConfigurationIsVisible = 0;
			defaultConfigurationName = Release;
		};
		A74FFB4025F777850015B4EE /* Build configuration list for PBXNativeTarget "DuTest" */ = {
			isa = XCConfigurationList;
			buildConfigurations = (
				A74FFB4125F777850015B4EE /* Debug */,
				A74FFB4225F777850015B4EE /* Release */,
			);
			defaultConfigurationIsVisible = 0;
			defaultConfigurationName = Release;
		};
		A74FFB4325F777850015B4EE /* Build configuration list for PBXNativeTarget "DuTestTests" */ = {
			isa = XCConfigurationList;
			buildConfigurations = (
				A74FFB4425F777850015B4EE /* Debug */,
				A74FFB4525F777850015B4EE /* Release */,
			);
			defaultConfigurationIsVisible = 0;
			defaultConfigurationName = Release;
		};
		A74FFB4625F777850015B4EE /* Build configuration list for PBXNativeTarget "DuTestUITests" */ = {
			isa = XCConfigurationList;
			buildConfigurations = (
				A74FFB4725F777850015B4EE /* Debug */,
				A74FFB4825F777850015B4EE /* Release */,
			);
			defaultConfigurationIsVisible = 0;
			defaultConfigurationName = Release;
		};
/* End XCConfigurationList section */
	};
	rootObject = A74FFB0C25F777810015B4EE /* Project object */;
}
